
Microsoft Visual Studio Solution File, Format Version 12.00
# Visual Studio Version 17
VisualStudioVersion = 17.4.33110.190
MinimumVisualStudioVersion = 10.0.40219.1
Project("{FAE04EC0-301F-11D3-BF4B-00C04F79EFBC}") = "Aula1csharpTh", "Aula1csharpTh\Aula1csharpTh.csproj", "{5747640E-54A6-4351-9AEA-8094B39FA107}"
EndProject
Global
	GlobalSection(SolutionConfigurationPlatforms) = preSolution
		Debug|Any CPU = Debug|Any CPU
		Release|Any CPU = Release|Any CPU
	EndGlobalSection
	GlobalSection(ProjectConfigurationPlatforms) = postSolution
		{5747640E-54A6-4351-9AEA-8094B39FA107}.Debug|Any CPU.ActiveCfg = Debug|Any CPU
		{5747640E-54A6-4351-9AEA-8094B39FA107}.Debug|Any CPU.Build.0 = Debug|Any CPU
		{5747640E-54A6-4351-9AEA-8094B39FA107}.Release|Any CPU.ActiveCfg = Release|Any CPU
		{5747640E-54A6-4351-9AEA-8094B39FA107}.Release|Any CPU.Build.0 = Release|Any CPU
	EndGlobalSection
	GlobalSection(SolutionProperties) = preSolution
		HideSolutionNode = FALSE
	EndGlobalSection
	GlobalSection(ExtensibilityGlobals) = postSolution
		SolutionGuid = {E8A5D8B2-C871-4F7E-B228-3F1C99997A65}
	EndGlobalSection
EndGlobal
