
Microsoft Visual Studio Solution File, Format Version 12.00
# Visual Studio Version 17
VisualStudioVersion = 17.4.33110.190
MinimumVisualStudioVersion = 10.0.40219.1
Project("{FAE04EC0-301F-11D3-BF4B-00C04F79EFBC}") = "exercicio 2 csharp", "exercicio 2 csharp\exercicio 2 csharp.csproj", "{ADEB1055-6FFE-4476-A4E9-C870BD8EE443}"
EndProject
Global
	GlobalSection(SolutionConfigurationPlatforms) = preSolution
		Debug|Any CPU = Debug|Any CPU
		Release|Any CPU = Release|Any CPU
	EndGlobalSection
	GlobalSection(ProjectConfigurationPlatforms) = postSolution
		{ADEB1055-6FFE-4476-A4E9-C870BD8EE443}.Debug|Any CPU.ActiveCfg = Debug|Any CPU
		{ADEB1055-6FFE-4476-A4E9-C870BD8EE443}.Debug|Any CPU.Build.0 = Debug|Any CPU
		{ADEB1055-6FFE-4476-A4E9-C870BD8EE443}.Release|Any CPU.ActiveCfg = Release|Any CPU
		{ADEB1055-6FFE-4476-A4E9-C870BD8EE443}.Release|Any CPU.Build.0 = Release|Any CPU
	EndGlobalSection
	GlobalSection(SolutionProperties) = preSolution
		HideSolutionNode = FALSE
	EndGlobalSection
	GlobalSection(ExtensibilityGlobals) = postSolution
		SolutionGuid = {B555E9AE-509C-47D9-B86D-D0B84FB06BB8}
	EndGlobalSection
EndGlobal
