
Microsoft Visual Studio Solution File, Format Version 12.00
# Visual Studio Version 17
VisualStudioVersion = 17.4.33110.190
MinimumVisualStudioVersion = 10.0.40219.1
Project("{FAE04EC0-301F-11D3-BF4B-00C04F79EFBC}") = "Escola", "Escola\Escola.csproj", "{0CA035F3-F72E-4DF7-BFC9-3681E68FE068}"
EndProject
Project("{FAE04EC0-301F-11D3-BF4B-00C04F79EFBC}") = "EscolaAPI", "EscolaAPI\EscolaAPI.csproj", "{54559B75-35FF-488E-84DE-48A8611E5EF7}"
EndProject
Global
	GlobalSection(SolutionConfigurationPlatforms) = preSolution
		Debug|Any CPU = Debug|Any CPU
		Release|Any CPU = Release|Any CPU
	EndGlobalSection
	GlobalSection(ProjectConfigurationPlatforms) = postSolution
		{0CA035F3-F72E-4DF7-BFC9-3681E68FE068}.Debug|Any CPU.ActiveCfg = Debug|Any CPU
		{0CA035F3-F72E-4DF7-BFC9-3681E68FE068}.Debug|Any CPU.Build.0 = Debug|Any CPU
		{0CA035F3-F72E-4DF7-BFC9-3681E68FE068}.Release|Any CPU.ActiveCfg = Release|Any CPU
		{0CA035F3-F72E-4DF7-BFC9-3681E68FE068}.Release|Any CPU.Build.0 = Release|Any CPU
		{54559B75-35FF-488E-84DE-48A8611E5EF7}.Debug|Any CPU.ActiveCfg = Debug|Any CPU
		{54559B75-35FF-488E-84DE-48A8611E5EF7}.Debug|Any CPU.Build.0 = Debug|Any CPU
		{54559B75-35FF-488E-84DE-48A8611E5EF7}.Release|Any CPU.ActiveCfg = Release|Any CPU
		{54559B75-35FF-488E-84DE-48A8611E5EF7}.Release|Any CPU.Build.0 = Release|Any CPU
	EndGlobalSection
	GlobalSection(SolutionProperties) = preSolution
		HideSolutionNode = FALSE
	EndGlobalSection
	GlobalSection(ExtensibilityGlobals) = postSolution
		SolutionGuid = {5FC6AC88-BB2F-4267-BCC9-0A9AA3A997CB}
	EndGlobalSection
EndGlobal
